{
  "name": "electrakit",
  "version": "0.0.1",
  "lockfileVersion": 3,
  "requires": true,
  "packages": {
    "": {
      "name": "electrakit",
      "version": "0.0.1",
      "license": "ISC",
      "dependencies": {
        "async-mutex": "^0.4.0",
        "axios": "^1.4.0"
      },
      "devDependencies": {
        "@magic/format": "^0.0.51"
      }
    },
    "node_modules/@magic/cases": {
      "version": "0.0.9",
      "resolved": "https://registry.npmjs.org/@magic/cases/-/cases-0.0.9.tgz",
      "integrity": "sha512-TibN3VArMW6JBgnj8rKfiNtlVUCb+c5hlYYAoODkW92JxP0mlLwlePh9Emly43t8w9zesXbP1EciK3QZXAEiDg==",
      "dev": true,
      "engines": {
        "node": ">=14.15.4"
      }
    },
    "node_modules/@magic/cli": {
      "version": "0.0.44",
      "resolved": "https://registry.npmjs.org/@magic/cli/-/cli-0.0.44.tgz",
      "integrity": "sha512-BMjUFA9thcm3JxcCzzHyocOL17JRgZKNySe4+pUS9SVpnwAJcTpULqPe85eIzZtnnhlwpHqj0S2g1GpNjzdFxg==",
      "dev": true,
      "dependencies": {
        "@magic/cases": "0.0.9",
        "@magic/deep": "0.1.16",
        "@magic/error": "0.0.17",
        "@magic/log": "0.1.18",
        "@magic/types": "0.1.23"
      },
      "engines": {
        "node": ">=14.15.4"
      }
    },
    "node_modules/@magic/deep": {
      "version": "0.1.16",
      "resolved": "https://registry.npmjs.org/@magic/deep/-/deep-0.1.16.tgz",
      "integrity": "sha512-ZythITSAaq+FAJZC/6+t5yHPKPzGlsrkToP5DscvBvcR9wl/yUqsDdgkF1du4JLv8GFUSDnmeSW+XznxAbkh2g==",
      "dev": true,
      "dependencies": {
        "@magic/types": "0.1.23"
      }
    },
    "node_modules/@magic/error": {
      "version": "0.0.17",
      "resolved": "https://registry.npmjs.org/@magic/error/-/error-0.0.17.tgz",
      "integrity": "sha512-ZYb5hqjVvU4jg4W4/MzPxz6+HVRQLrnMKXUoOUCydi3sm2IaluShE3uYeNTHcM1KMRsn9kNfAds/q5IUReeygg==",
      "dev": true,
      "dependencies": {
        "@magic/types": "0.1.23"
      }
    },
    "node_modules/@magic/format": {
      "version": "0.0.51",
      "resolved": "https://registry.npmjs.org/@magic/format/-/format-0.0.51.tgz",
      "integrity": "sha512-0VqOrjjirCOh0bWgeFzyd2X/v0rDj7JjE2RNhT+qezfIZVo/AXCS10BHXjkzG2hV7inXBbqk+c8zPjkdD/qvsQ==",
      "dev": true,
      "dependencies": {
        "@magic/cli": "0.0.44",
        "@magic/deep": "0.1.16",
        "@magic/fs": "0.0.28",
        "@magic/log": "0.1.18",
        "@magic/types": "0.1.23",
        "prettier": "2.8.4"
      },
      "bin": {
        "f": "src/bin.mjs",
        "format": "src/bin.mjs"
      },
      "engines": {
        "node": ">=14.15.4"
      },
      "peerDependencies": {
        "@prettier/plugin-haml": "0.1.0",
        "@prettier/plugin-lua": "0.0.1",
        "@prettier/plugin-php": "0.19.3",
        "@prettier/plugin-pug": "2.4.1",
        "@prettier/plugin-python": "0.0.1",
        "@prettier/plugin-ruby": "3.2.2",
        "@prettier/plugin-xml": "2.2.0",
        "@voltiso/prettier-plugin-toml": "0.3.3",
        "prettier-plugin-astro": "0.8.0",
        "prettier-plugin-java": "2.0.0",
        "prettier-plugin-svelte": "2.9.0"
      },
      "peerDependenciesMeta": {
        "@prettier/plugin-haml": {
          "optional": true
        },
        "@prettier/plugin-lua": {
          "optional": true
        },
        "@prettier/plugin-php": {
          "optional": true
        },
        "@prettier/plugin-pug": {
          "optional": true
        },
        "@prettier/plugin-python": {
          "optional": true
        },
        "@prettier/plugin-ruby": {
          "optional": true
        },
        "@prettier/plugin-xml": {
          "optional": true
        },
        "@voltiso/prettier-plugin-toml": {
          "optional": true
        },
        "prettier-plugin-astro": {
          "optional": true
        },
        "prettier-plugin-java": {
          "optional": true
        },
        "prettier-plugin-svelte": {
          "optional": true
        }
      }
    },
    "node_modules/@magic/fs": {
      "version": "0.0.28",
      "resolved": "https://registry.npmjs.org/@magic/fs/-/fs-0.0.28.tgz",
      "integrity": "sha512-TM3W7SaTGZpZL74RCy9WjAAAuep0qApDXfQRK8slECwhf7Cmj2AlUXxq6hXp8J18vL1jndkfp2xrpm5CqY656Q==",
      "dev": true,
      "dependencies": {
        "@magic/deep": "0.1.16",
        "@magic/error": "0.0.17",
        "@magic/log": "0.1.18",
        "@magic/mime-types": "0.0.18",
        "@magic/types": "0.1.23"
      },
      "engines": {
        "node": ">=14.15.4"
      }
    },
    "node_modules/@magic/log": {
      "version": "0.1.18",
      "resolved": "https://registry.npmjs.org/@magic/log/-/log-0.1.18.tgz",
      "integrity": "sha512-DgqxaeV5YoynspFSWI/5w5ATNVMmIGG+ApeY+7gtddgyGhIBAXFmM6EoOlotxCQZuOu016tIpsE39TMnznJfQw==",
      "dev": true,
      "dependencies": {
        "@magic/types": "0.1.23"
      }
    },
    "node_modules/@magic/mime-types": {
      "version": "0.0.18",
      "resolved": "https://registry.npmjs.org/@magic/mime-types/-/mime-types-0.0.18.tgz",
      "integrity": "sha512-W7lucmk0JM+wvjnXE1p/yTDdh/tENsvs2uUlV9CCOur8PBfY+t/Nvlyn0UnPScGVHf7ASyA8IuMmshC77//n3Q==",
      "dev": true,
      "engines": {
        "node": ">=14.15.4"
      }
    },
    "node_modules/@magic/types": {
      "version": "0.1.23",
      "resolved": "https://registry.npmjs.org/@magic/types/-/types-0.1.23.tgz",
      "integrity": "sha512-Jjfi8gfmEwySqxp3miqiJw7AbEuYz2XcjJtLpUQZeP8IuWFTAvHuhqk/xs3uA1Bu+K3ct7yB5Esog9jE+W+JZg==",
      "dev": true,
      "engines": {
        "node": ">=14.15.4"
      }
    },
    "node_modules/async-mutex": {
      "version": "0.4.0",
      "resolved": "https://registry.npmjs.org/async-mutex/-/async-mutex-0.4.0.tgz",
      "integrity": "sha512-eJFZ1YhRR8UN8eBLoNzcDPcy/jqjsg6I1AP+KvWQX80BqOSW1oJPJXDylPUEeMr2ZQvHgnQ//Lp6f3RQ1zI7HA==",
      "dependencies": {
        "tslib": "^2.4.0"
      }
    },
    "node_modules/asynckit": {
      "version": "0.4.0",
      "resolved": "https://registry.npmjs.org/asynckit/-/asynckit-0.4.0.tgz",
      "integrity": "sha512-Oei9OH4tRh0YqU3GxhX79dM/mwVgvbZJaSNaRk+bshkj0S5cfHcgYakreBjrHwatXKbz+IoIdYLxrKim2MjW0Q=="
    },
    "node_modules/axios": {
      "version": "1.4.0",
      "resolved": "https://registry.npmjs.org/axios/-/axios-1.4.0.tgz",
      "integrity": "sha512-S4XCWMEmzvo64T9GfvQDOXgYRDJ/wsSZc7Jvdgx5u1sd0JwsuPLqb3SYmusag+edF6ziyMensPVqLTSc1PiSEA==",
      "dependencies": {
        "follow-redirects": "^1.15.0",
        "form-data": "^4.0.0",
        "proxy-from-env": "^1.1.0"
      }
    },
    "node_modules/combined-stream": {
      "version": "1.0.8",
      "resolved": "https://registry.npmjs.org/combined-stream/-/combined-stream-1.0.8.tgz",
      "integrity": "sha512-FQN4MRfuJeHf7cBbBMJFXhKSDq+2kAArBlmRBvcvFE5BB1HZKXtSFASDhdlz9zOYwxh8lDdnvmMOe/+5cdoEdg==",
      "dependencies": {
        "delayed-stream": "~1.0.0"
      },
      "engines": {
        "node": ">= 0.8"
      }
    },
    "node_modules/delayed-stream": {
      "version": "1.0.0",
      "resolved": "https://registry.npmjs.org/delayed-stream/-/delayed-stream-1.0.0.tgz",
      "integrity": "sha512-ZySD7Nf91aLB0RxL4KGrKHBXl7Eds1DAmEdcoVawXnLD7SDhpNgtuII2aAkg7a7QS41jxPSZ17p4VdGnMHk3MQ==",
      "engines": {
        "node": ">=0.4.0"
      }
    },
    "node_modules/follow-redirects": {
      "version": "1.15.2",
      "resolved": "https://registry.npmjs.org/follow-redirects/-/follow-redirects-1.15.2.tgz",
      "integrity": "sha512-VQLG33o04KaQ8uYi2tVNbdrWp1QWxNNea+nmIB4EVM28v0hmP17z7aG1+wAkNzVq4KeXTq3221ye5qTJP91JwA==",
      "funding": [
        {
          "type": "individual",
          "url": "https://github.com/sponsors/RubenVerborgh"
        }
      ],
      "engines": {
        "node": ">=4.0"
      },
      "peerDependenciesMeta": {
        "debug": {
          "optional": true
        }
      }
    },
    "node_modules/form-data": {
      "version": "4.0.0",
      "resolved": "https://registry.npmjs.org/form-data/-/form-data-4.0.0.tgz",
      "integrity": "sha512-ETEklSGi5t0QMZuiXoA/Q6vcnxcLQP5vdugSpuAyi6SVGi2clPPp+xgEhuMaHC+zGgn31Kd235W35f7Hykkaww==",
      "dependencies": {
        "asynckit": "^0.4.0",
        "combined-stream": "^1.0.8",
        "mime-types": "^2.1.12"
      },
      "engines": {
        "node": ">= 6"
      }
    },
    "node_modules/mime-db": {
      "version": "1.52.0",
      "resolved": "https://registry.npmjs.org/mime-db/-/mime-db-1.52.0.tgz",
      "integrity": "sha512-sPU4uV7dYlvtWJxwwxHD0PuihVNiE7TyAbQ5SWxDCB9mUYvOgroQOwYQQOKPJ8CIbE+1ETVlOoK1UC2nU3gYvg==",
      "engines": {
        "node": ">= 0.6"
      }
    },
    "node_modules/mime-types": {
      "version": "2.1.35",
      "resolved": "https://registry.npmjs.org/mime-types/-/mime-types-2.1.35.tgz",
      "integrity": "sha512-ZDY+bPm5zTTF+YpCrAU9nK0UgICYPT0QtT1NZWFv4s++TNkcgVaT0g6+4R2uI4MjQjzysHB1zxuWL50hzaeXiw==",
      "dependencies": {
        "mime-db": "1.52.0"
      },
      "engines": {
        "node": ">= 0.6"
      }
    },
    "node_modules/prettier": {
      "version": "2.8.4",
      "resolved": "https://registry.npmjs.org/prettier/-/prettier-2.8.4.tgz",
      "integrity": "sha512-vIS4Rlc2FNh0BySk3Wkd6xmwxB0FpOndW5fisM5H8hsZSxU2VWVB5CWIkIjWvrHjIhxk2g3bfMKM87zNTrZddw==",
      "dev": true,
      "bin": {
        "prettier": "bin-prettier.js"
      },
      "engines": {
        "node": ">=10.13.0"
      },
      "funding": {
        "url": "https://github.com/prettier/prettier?sponsor=1"
      }
    },
    "node_modules/proxy-from-env": {
      "version": "1.1.0",
      "resolved": "https://registry.npmjs.org/proxy-from-env/-/proxy-from-env-1.1.0.tgz",
      "integrity": "sha512-D+zkORCbA9f1tdWRK0RaCR3GPv50cMxcrz4X8k5LTSUD1Dkw47mKJEZQNunItRTkWwgtaUSo1RVFRIG9ZXiFYg=="
    },
    "node_modules/tslib": {
      "version": "2.5.3",
      "resolved": "https://registry.npmjs.org/tslib/-/tslib-2.5.3.tgz",
      "integrity": "sha512-mSxlJJwl3BMEQCUNnxXBU9jP4JBktcEGhURcPR6VQVlnP0FdDEsIaz0C35dXNGLyRfrATNofF0F5p2KPxQgB+w=="
    }
  }
}
